
Microsoft Visual Studio Solution File, Format Version 12.00
# Visual Studio Version 16
VisualStudioVersion = 16.0.30709.64
MinimumVisualStudioVersion = 10.0.40219.1
Project("{FAE04EC0-301F-11D3-BF4B-00C04F79EFBC}") = "WpfFX", "WpfFX\WpfFX.csproj", "{6E224D95-23BB-4EB2-8DF0-878C698F1726}"
EndProject
Project("{FAE04EC0-301F-11D3-BF4B-00C04F79EFBC}") = "WpfCore", "WpfCore\WpfCore.csproj", "{1A116BA1-08CF-42FC-B44B-FF9EB4296CA6}"
EndProject
Project("{FAE04EC0-301F-11D3-BF4B-00C04F79EFBC}") = "Uwp", "Uwp\Uwp.csproj", "{5934A5D8-7B32-4CE3-8D79-EDC39182D298}"
EndProject
Global
	GlobalSection(SolutionConfigurationPlatforms) = preSolution
		Debug|Any CPU = Debug|Any CPU
		Debug|ARM = Debug|ARM
		Debug|ARM64 = Debug|ARM64
		Debug|x64 = Debug|x64
		Debug|x86 = Debug|x86
		Release|Any CPU = Release|Any CPU
		Release|ARM = Release|ARM
		Release|ARM64 = Release|ARM64
		Release|x64 = Release|x64
		Release|x86 = Release|x86
	EndGlobalSection
	GlobalSection(ProjectConfigurationPlatforms) = postSolution
		{6E224D95-23BB-4EB2-8DF0-878C698F1726}.Debug|Any CPU.ActiveCfg = Debug|Any CPU
		{6E224D95-23BB-4EB2-8DF0-878C698F1726}.Debug|Any CPU.Build.0 = Debug|Any CPU
		{6E224D95-23BB-4EB2-8DF0-878C698F1726}.Debug|ARM.ActiveCfg = Debug|Any CPU
		{6E224D95-23BB-4EB2-8DF0-878C698F1726}.Debug|ARM.Build.0 = Debug|Any CPU
		{6E224D95-23BB-4EB2-8DF0-878C698F1726}.Debug|ARM64.ActiveCfg = Debug|Any CPU
		{6E224D95-23BB-4EB2-8DF0-878C698F1726}.Debug|ARM64.Build.0 = Debug|Any CPU
		{6E224D95-23BB-4EB2-8DF0-878C698F1726}.Debug|x64.ActiveCfg = Debug|Any CPU
		{6E224D95-23BB-4EB2-8DF0-878C698F1726}.Debug|x64.Build.0 = Debug|Any CPU
		{6E224D95-23BB-4EB2-8DF0-878C698F1726}.Debug|x86.ActiveCfg = Debug|Any CPU
		{6E224D95-23BB-4EB2-8DF0-878C698F1726}.Debug|x86.Build.0 = Debug|Any CPU
		{6E224D95-23BB-4EB2-8DF0-878C698F1726}.Release|Any CPU.ActiveCfg = Release|Any CPU
		{6E224D95-23BB-4EB2-8DF0-878C698F1726}.Release|Any CPU.Build.0 = Release|Any CPU
		{6E224D95-23BB-4EB2-8DF0-878C698F1726}.Release|ARM.ActiveCfg = Release|Any CPU
		{6E224D95-23BB-4EB2-8DF0-878C698F1726}.Release|ARM.Build.0 = Release|Any CPU
		{6E224D95-23BB-4EB2-8DF0-878C698F1726}.Release|ARM64.ActiveCfg = Release|Any CPU
		{6E224D95-23BB-4EB2-8DF0-878C698F1726}.Release|ARM64.Build.0 = Release|Any CPU
		{6E224D95-23BB-4EB2-8DF0-878C698F1726}.Release|x64.ActiveCfg = Release|Any CPU
		{6E224D95-23BB-4EB2-8DF0-878C698F1726}.Release|x64.Build.0 = Release|Any CPU
		{6E224D95-23BB-4EB2-8DF0-878C698F1726}.Release|x86.ActiveCfg = Release|Any CPU
		{6E224D95-23BB-4EB2-8DF0-878C698F1726}.Release|x86.Build.0 = Release|Any CPU
		{1A116BA1-08CF-42FC-B44B-FF9EB4296CA6}.Debug|Any CPU.ActiveCfg = Debug|Any CPU
		{1A116BA1-08CF-42FC-B44B-FF9EB4296CA6}.Debug|Any CPU.Build.0 = Debug|Any CPU
		{1A116BA1-08CF-42FC-B44B-FF9EB4296CA6}.Debug|ARM.ActiveCfg = Debug|Any CPU
		{1A116BA1-08CF-42FC-B44B-FF9EB4296CA6}.Debug|ARM.Build.0 = Debug|Any CPU
		{1A116BA1-08CF-42FC-B44B-FF9EB4296CA6}.Debug|ARM64.ActiveCfg = Debug|Any CPU
		{1A116BA1-08CF-42FC-B44B-FF9EB4296CA6}.Debug|ARM64.Build.0 = Debug|Any CPU
		{1A116BA1-08CF-42FC-B44B-FF9EB4296CA6}.Debug|x64.ActiveCfg = Debug|Any CPU
		{1A116BA1-08CF-42FC-B44B-FF9EB4296CA6}.Debug|x64.Build.0 = Debug|Any CPU
		{1A116BA1-08CF-42FC-B44B-FF9EB4296CA6}.Debug|x86.ActiveCfg = Debug|Any CPU
		{1A116BA1-08CF-42FC-B44B-FF9EB4296CA6}.Debug|x86.Build.0 = Debug|Any CPU
		{1A116BA1-08CF-42FC-B44B-FF9EB4296CA6}.Release|Any CPU.ActiveCfg = Release|Any CPU
		{1A116BA1-08CF-42FC-B44B-FF9EB4296CA6}.Release|Any CPU.Build.0 = Release|Any CPU
		{1A116BA1-08CF-42FC-B44B-FF9EB4296CA6}.Release|ARM.ActiveCfg = Release|Any CPU
		{1A116BA1-08CF-42FC-B44B-FF9EB4296CA6}.Release|ARM.Build.0 = Release|Any CPU
		{1A116BA1-08CF-42FC-B44B-FF9EB4296CA6}.Release|ARM64.ActiveCfg = Release|Any CPU
		{1A116BA1-08CF-42FC-B44B-FF9EB4296CA6}.Release|ARM64.Build.0 = Release|Any CPU
		{1A116BA1-08CF-42FC-B44B-FF9EB4296CA6}.Release|x64.ActiveCfg = Release|Any CPU
		{1A116BA1-08CF-42FC-B44B-FF9EB4296CA6}.Release|x64.Build.0 = Release|Any CPU
		{1A116BA1-08CF-42FC-B44B-FF9EB4296CA6}.Release|x86.ActiveCfg = Release|Any CPU
		{1A116BA1-08CF-42FC-B44B-FF9EB4296CA6}.Release|x86.Build.0 = Release|Any CPU
		{5934A5D8-7B32-4CE3-8D79-EDC39182D298}.Debug|Any CPU.ActiveCfg = Debug|x86
		{5934A5D8-7B32-4CE3-8D79-EDC39182D298}.Debug|ARM.ActiveCfg = Debug|ARM
		{5934A5D8-7B32-4CE3-8D79-EDC39182D298}.Debug|ARM.Build.0 = Debug|ARM
		{5934A5D8-7B32-4CE3-8D79-EDC39182D298}.Debug|ARM.Deploy.0 = Debug|ARM
		{5934A5D8-7B32-4CE3-8D79-EDC39182D298}.Debug|ARM64.ActiveCfg = Debug|ARM64
		{5934A5D8-7B32-4CE3-8D79-EDC39182D298}.Debug|ARM64.Build.0 = Debug|ARM64
		{5934A5D8-7B32-4CE3-8D79-EDC39182D298}.Debug|ARM64.Deploy.0 = Debug|ARM64
		{5934A5D8-7B32-4CE3-8D79-EDC39182D298}.Debug|x64.ActiveCfg = Debug|x64
		{5934A5D8-7B32-4CE3-8D79-EDC39182D298}.Debug|x64.Build.0 = Debug|x64
		{5934A5D8-7B32-4CE3-8D79-EDC39182D298}.Debug|x64.Deploy.0 = Debug|x64
		{5934A5D8-7B32-4CE3-8D79-EDC39182D298}.Debug|x86.ActiveCfg = Debug|x86
		{5934A5D8-7B32-4CE3-8D79-EDC39182D298}.Debug|x86.Build.0 = Debug|x86
		{5934A5D8-7B32-4CE3-8D79-EDC39182D298}.Debug|x86.Deploy.0 = Debug|x86
		{5934A5D8-7B32-4CE3-8D79-EDC39182D298}.Release|Any CPU.ActiveCfg = Release|x86
		{5934A5D8-7B32-4CE3-8D79-EDC39182D298}.Release|ARM.ActiveCfg = Release|ARM
		{5934A5D8-7B32-4CE3-8D79-EDC39182D298}.Release|ARM.Build.0 = Release|ARM
		{5934A5D8-7B32-4CE3-8D79-EDC39182D298}.Release|ARM.Deploy.0 = Release|ARM
		{5934A5D8-7B32-4CE3-8D79-EDC39182D298}.Release|ARM64.ActiveCfg = Release|ARM64
		{5934A5D8-7B32-4CE3-8D79-EDC39182D298}.Release|ARM64.Build.0 = Release|ARM64
		{5934A5D8-7B32-4CE3-8D79-EDC39182D298}.Release|ARM64.Deploy.0 = Release|ARM64
		{5934A5D8-7B32-4CE3-8D79-EDC39182D298}.Release|x64.ActiveCfg = Release|x64
		{5934A5D8-7B32-4CE3-8D79-EDC39182D298}.Release|x64.Build.0 = Release|x64
		{5934A5D8-7B32-4CE3-8D79-EDC39182D298}.Release|x64.Deploy.0 = Release|x64
		{5934A5D8-7B32-4CE3-8D79-EDC39182D298}.Release|x86.ActiveCfg = Release|x86
		{5934A5D8-7B32-4CE3-8D79-EDC39182D298}.Release|x86.Build.0 = Release|x86
		{5934A5D8-7B32-4CE3-8D79-EDC39182D298}.Release|x86.Deploy.0 = Release|x86
	EndGlobalSection
	GlobalSection(SolutionProperties) = preSolution
		HideSolutionNode = FALSE
	EndGlobalSection
	GlobalSection(ExtensibilityGlobals) = postSolution
		SolutionGuid = {286049DF-95E3-4A5A-BD1F-B734E9AE50E5}
	EndGlobalSection
EndGlobal
